
Microsoft Visual Studio Solution File, Format Version 12.00
# Visual Studio Version 17
VisualStudioVersion = 17.14.36203.30 d17.14
MinimumVisualStudioVersion = 10.0.40219.1
Project("{FAE04EC0-301F-11D3-BF4B-00C04F79EFBC}") = "AssembliesAndNamespaces", "AssembliesAndNamespaces\AssembliesAndNamespaces.csproj", "{71964FFF-3341-48FC-942A-85FD0FC560DD}"
EndProject
Global
	GlobalSection(SolutionConfigurationPlatforms) = preSolution
		Debug|Any CPU = Debug|Any CPU
		Release|Any CPU = Release|Any CPU
	EndGlobalSection
	GlobalSection(ProjectConfigurationPlatforms) = postSolution
		{71964FFF-3341-48FC-942A-85FD0FC560DD}.Debug|Any CPU.ActiveCfg = Debug|Any CPU
		{71964FFF-3341-48FC-942A-85FD0FC560DD}.Debug|Any CPU.Build.0 = Debug|Any CPU
		{71964FFF-3341-48FC-942A-85FD0FC560DD}.Release|Any CPU.ActiveCfg = Release|Any CPU
		{71964FFF-3341-48FC-942A-85FD0FC560DD}.Release|Any CPU.Build.0 = Release|Any CPU
	EndGlobalSection
	GlobalSection(SolutionProperties) = preSolution
		HideSolutionNode = FALSE
	EndGlobalSection
	GlobalSection(ExtensibilityGlobals) = postSolution
		SolutionGuid = {CABB95F3-FA8C-42F8-9D26-2A083BCF5704}
	EndGlobalSection
EndGlobal
