
Microsoft Visual Studio Solution File, Format Version 12.00
# Visual Studio Version 17
VisualStudioVersion = 17.14.36203.30 d17.14
MinimumVisualStudioVersion = 10.0.40219.1
Project("{FAE04EC0-301F-11D3-BF4B-00C04F79EFBC}") = "UnderstandingLINQ", "UnderstandingLINQ\UnderstandingLINQ.csproj", "{DC113FD6-8BF5-4858-AF17-E8AB75EB7A57}"
EndProject
Global
	GlobalSection(SolutionConfigurationPlatforms) = preSolution
		Debug|Any CPU = Debug|Any CPU
		Release|Any CPU = Release|Any CPU
	EndGlobalSection
	GlobalSection(ProjectConfigurationPlatforms) = postSolution
		{DC113FD6-8BF5-4858-AF17-E8AB75EB7A57}.Debug|Any CPU.ActiveCfg = Debug|Any CPU
		{DC113FD6-8BF5-4858-AF17-E8AB75EB7A57}.Debug|Any CPU.Build.0 = Debug|Any CPU
		{DC113FD6-8BF5-4858-AF17-E8AB75EB7A57}.Release|Any CPU.ActiveCfg = Release|Any CPU
		{DC113FD6-8BF5-4858-AF17-E8AB75EB7A57}.Release|Any CPU.Build.0 = Release|Any CPU
	EndGlobalSection
	GlobalSection(SolutionProperties) = preSolution
		HideSolutionNode = FALSE
	EndGlobalSection
	GlobalSection(ExtensibilityGlobals) = postSolution
		SolutionGuid = {2CF64306-3845-42FE-8E20-9FFB9A9D07FF}
	EndGlobalSection
EndGlobal
